
Microsoft Visual Studio Solution File, Format Version 12.00
# Visual Studio Version 17
VisualStudioVersion = 17.11.35327.3
MinimumVisualStudioVersion = 10.0.40219.1
Project("{2150E333-8FDC-42A3-9474-1A3956D46DE8}") = "Services", "Services", "{48A9E57E-8103-4E12-B41E-BC8144D7B0CD}"
EndProject
Project("{2150E333-8FDC-42A3-9474-1A3956D46DE8}") = "Catalog", "Catalog", "{5F6A9158-0747-4B86-8699-D452E14E2471}"
EndProject
Project("{9A19103F-16F7-4668-BE54-9A1E7A4F7556}") = "Catalog.API", "Services\Catalog\Catalog.API\Catalog.API.csproj", "{79C77798-AE04-493C-8C0F-CBC874820384}"
EndProject
Project("{2150E333-8FDC-42A3-9474-1A3956D46DE8}") = "BuildingBlocks", "BuildingBlocks", "{E8F6877C-9F1F-4E0D-801E-07AEFF03ACA1}"
EndProject
Project("{9A19103F-16F7-4668-BE54-9A1E7A4F7556}") = "BuildingBlocks", "BuildingBlocks\BuildingBlocks.csproj", "{0B844AEC-A32C-49F1-8075-4234FFA52C9C}"
EndProject
Project("{E53339B2-1760-4266-BCC7-CA923CBCF16C}") = "docker-compose", "docker-compose.dcproj", "{CA8612E4-0CFB-472B-ABE7-D7210A90F2E2}"
EndProject
Project("{2150E333-8FDC-42A3-9474-1A3956D46DE8}") = "Basket", "Basket", "{1BA99F6E-CEE2-4A08-8C53-5AA4AAFD7191}"
EndProject
Project("{FAE04EC0-301F-11D3-BF4B-00C04F79EFBC}") = "Basket.API", "..\Basket\Basket.API\Basket.API.csproj", "{5D6EA286-17E8-4302-BD50-6E4381C3F541}"
EndProject
Global
	GlobalSection(SolutionConfigurationPlatforms) = preSolution
		Debug|Any CPU = Debug|Any CPU
		Release|Any CPU = Release|Any CPU
	EndGlobalSection
	GlobalSection(ProjectConfigurationPlatforms) = postSolution
		{79C77798-AE04-493C-8C0F-CBC874820384}.Debug|Any CPU.ActiveCfg = Debug|Any CPU
		{79C77798-AE04-493C-8C0F-CBC874820384}.Debug|Any CPU.Build.0 = Debug|Any CPU
		{79C77798-AE04-493C-8C0F-CBC874820384}.Release|Any CPU.ActiveCfg = Release|Any CPU
		{79C77798-AE04-493C-8C0F-CBC874820384}.Release|Any CPU.Build.0 = Release|Any CPU
		{0B844AEC-A32C-49F1-8075-4234FFA52C9C}.Debug|Any CPU.ActiveCfg = Debug|Any CPU
		{0B844AEC-A32C-49F1-8075-4234FFA52C9C}.Debug|Any CPU.Build.0 = Debug|Any CPU
		{0B844AEC-A32C-49F1-8075-4234FFA52C9C}.Release|Any CPU.ActiveCfg = Release|Any CPU
		{0B844AEC-A32C-49F1-8075-4234FFA52C9C}.Release|Any CPU.Build.0 = Release|Any CPU
		{CA8612E4-0CFB-472B-ABE7-D7210A90F2E2}.Debug|Any CPU.ActiveCfg = Debug|Any CPU
		{CA8612E4-0CFB-472B-ABE7-D7210A90F2E2}.Debug|Any CPU.Build.0 = Debug|Any CPU
		{CA8612E4-0CFB-472B-ABE7-D7210A90F2E2}.Release|Any CPU.ActiveCfg = Release|Any CPU
		{CA8612E4-0CFB-472B-ABE7-D7210A90F2E2}.Release|Any CPU.Build.0 = Release|Any CPU
		{5D6EA286-17E8-4302-BD50-6E4381C3F541}.Debug|Any CPU.ActiveCfg = Debug|Any CPU
		{5D6EA286-17E8-4302-BD50-6E4381C3F541}.Debug|Any CPU.Build.0 = Debug|Any CPU
		{5D6EA286-17E8-4302-BD50-6E4381C3F541}.Release|Any CPU.ActiveCfg = Release|Any CPU
		{5D6EA286-17E8-4302-BD50-6E4381C3F541}.Release|Any CPU.Build.0 = Release|Any CPU
	EndGlobalSection
	GlobalSection(SolutionProperties) = preSolution
		HideSolutionNode = FALSE
	EndGlobalSection
	GlobalSection(NestedProjects) = preSolution
		{5F6A9158-0747-4B86-8699-D452E14E2471} = {48A9E57E-8103-4E12-B41E-BC8144D7B0CD}
		{79C77798-AE04-493C-8C0F-CBC874820384} = {5F6A9158-0747-4B86-8699-D452E14E2471}
		{0B844AEC-A32C-49F1-8075-4234FFA52C9C} = {E8F6877C-9F1F-4E0D-801E-07AEFF03ACA1}
		{1BA99F6E-CEE2-4A08-8C53-5AA4AAFD7191} = {48A9E57E-8103-4E12-B41E-BC8144D7B0CD}
		{5D6EA286-17E8-4302-BD50-6E4381C3F541} = {1BA99F6E-CEE2-4A08-8C53-5AA4AAFD7191}
	EndGlobalSection
	GlobalSection(ExtensibilityGlobals) = postSolution
		SolutionGuid = {1BDDFE11-1AA1-4A75-A119-4B60525B908E}
	EndGlobalSection
EndGlobal
